
Microsoft Visual Studio Solution File, Format Version 12.00
# Visual Studio Version 17
VisualStudioVersion = 17.10.35013.160
MinimumVisualStudioVersion = 10.0.40219.1
Project("{9A19103F-16F7-4668-BE54-9A1E7A4F7556}") = "Shop", "Shop\Shop.csproj", "{A1168917-A775-4712-9E10-C45A09C63C61}"
EndProject
Global
	GlobalSection(SolutionConfigurationPlatforms) = preSolution
		Debug|Any CPU = Debug|Any CPU
		Release|Any CPU = Release|Any CPU
	EndGlobalSection
	GlobalSection(ProjectConfigurationPlatforms) = postSolution
		{A1168917-A775-4712-9E10-C45A09C63C61}.Debug|Any CPU.ActiveCfg = Debug|Any CPU
		{A1168917-A775-4712-9E10-C45A09C63C61}.Debug|Any CPU.Build.0 = Debug|Any CPU
		{A1168917-A775-4712-9E10-C45A09C63C61}.Release|Any CPU.ActiveCfg = Release|Any CPU
		{A1168917-A775-4712-9E10-C45A09C63C61}.Release|Any CPU.Build.0 = Release|Any CPU
	EndGlobalSection
	GlobalSection(SolutionProperties) = preSolution
		HideSolutionNode = FALSE
	EndGlobalSection
	GlobalSection(ExtensibilityGlobals) = postSolution
		SolutionGuid = {C7B68A44-DEB9-47C6-8E79-322BBE574964}
	EndGlobalSection
EndGlobal
